
Microsoft Visual Studio Solution File, Format Version 12.00
# Visual Studio Version 17
VisualStudioVersion = 17.5.33530.505
MinimumVisualStudioVersion = 10.0.40219.1
Project("{FAE04EC0-301F-11D3-BF4B-00C04F79EFBC}") = "ET", "ET\ET.csproj", "{1B13C0B3-FFBA-41CF-85E3-60FF4D322BDA}"
EndProject
Global
	GlobalSection(SolutionConfigurationPlatforms) = preSolution
		Debug|Any CPU = Debug|Any CPU
		Release|Any CPU = Release|Any CPU
	EndGlobalSection
	GlobalSection(ProjectConfigurationPlatforms) = postSolution
		{1B13C0B3-FFBA-41CF-85E3-60FF4D322BDA}.Debug|Any CPU.ActiveCfg = Debug|Any CPU
		{1B13C0B3-FFBA-41CF-85E3-60FF4D322BDA}.Debug|Any CPU.Build.0 = Debug|Any CPU
		{1B13C0B3-FFBA-41CF-85E3-60FF4D322BDA}.Release|Any CPU.ActiveCfg = Release|Any CPU
		{1B13C0B3-FFBA-41CF-85E3-60FF4D322BDA}.Release|Any CPU.Build.0 = Release|Any CPU
	EndGlobalSection
	GlobalSection(SolutionProperties) = preSolution
		HideSolutionNode = FALSE
	EndGlobalSection
	GlobalSection(ExtensibilityGlobals) = postSolution
		SolutionGuid = {40255987-33E9-4F92-A37D-FCE2A0DF8BD3}
	EndGlobalSection
EndGlobal
